
Microsoft Visual Studio Solution File, Format Version 12.00
# Visual Studio Version 16
VisualStudioVersion = 16.0.31729.503
MinimumVisualStudioVersion = 10.0.40219.1
Project("{9A19103F-16F7-4668-BE54-9A1E7A4F7556}") = "AddIndexToWordDoc", "AddIndexToWordDoc\AddIndexToWordDoc.csproj", "{DC155D22-578E-44C2-9393-85F08997E889}"
EndProject
Global
	GlobalSection(SolutionConfigurationPlatforms) = preSolution
		Debug|Any CPU = Debug|Any CPU
		Release|Any CPU = Release|Any CPU
	EndGlobalSection
	GlobalSection(ProjectConfigurationPlatforms) = postSolution
		{DC155D22-578E-44C2-9393-85F08997E889}.Debug|Any CPU.ActiveCfg = Debug|Any CPU
		{DC155D22-578E-44C2-9393-85F08997E889}.Debug|Any CPU.Build.0 = Debug|Any CPU
		{DC155D22-578E-44C2-9393-85F08997E889}.Release|Any CPU.ActiveCfg = Release|Any CPU
		{DC155D22-578E-44C2-9393-85F08997E889}.Release|Any CPU.Build.0 = Release|Any CPU
	EndGlobalSection
	GlobalSection(SolutionProperties) = preSolution
		HideSolutionNode = FALSE
	EndGlobalSection
	GlobalSection(ExtensibilityGlobals) = postSolution
		SolutionGuid = {897AD7F6-A0B8-4EEC-A70A-41691FBCA6A2}
	EndGlobalSection
EndGlobal
